
Microsoft Visual Studio Solution File, Format Version 12.00
# Visual Studio Version 17
VisualStudioVersion = 17.7.34024.191
MinimumVisualStudioVersion = 10.0.40219.1
Project("{8BC9CEB8-8B4A-11D0-8D11-00A0C91BC942}") = "Project1", "Project1.vcxproj", "{E4EE9FE1-A231-4239-BAD3-C87D181E8E8D}"
EndProject
Global
	GlobalSection(SolutionConfigurationPlatforms) = preSolution
		Debug|x64 = Debug|x64
		Debug|x86 = Debug|x86
		Release|x64 = Release|x64
		Release|x86 = Release|x86
	EndGlobalSection
	GlobalSection(ProjectConfigurationPlatforms) = postSolution
		{E4EE9FE1-A231-4239-BAD3-C87D181E8E8D}.Debug|x64.ActiveCfg = Debug|x64
		{E4EE9FE1-A231-4239-BAD3-C87D181E8E8D}.Debug|x64.Build.0 = Debug|x64
		{E4EE9FE1-A231-4239-BAD3-C87D181E8E8D}.Debug|x86.ActiveCfg = Debug|Win32
		{E4EE9FE1-A231-4239-BAD3-C87D181E8E8D}.Debug|x86.Build.0 = Debug|Win32
		{E4EE9FE1-A231-4239-BAD3-C87D181E8E8D}.Release|x64.ActiveCfg = Release|x64
		{E4EE9FE1-A231-4239-BAD3-C87D181E8E8D}.Release|x64.Build.0 = Release|x64
		{E4EE9FE1-A231-4239-BAD3-C87D181E8E8D}.Release|x86.ActiveCfg = Release|Win32
		{E4EE9FE1-A231-4239-BAD3-C87D181E8E8D}.Release|x86.Build.0 = Release|Win32
	EndGlobalSection
	GlobalSection(SolutionProperties) = preSolution
		HideSolutionNode = FALSE
	EndGlobalSection
	GlobalSection(ExtensibilityGlobals) = postSolution
		SolutionGuid = {8FDCF61B-B280-4F76-9621-9EA1375F21A5}
	EndGlobalSection
EndGlobal
